
Microsoft Visual Studio Solution File, Format Version 12.00
# Visual Studio Version 17
VisualStudioVersion = 17.8.34322.80
MinimumVisualStudioVersion = 10.0.40219.1
Project("{FAE04EC0-301F-11D3-BF4B-00C04F79EFBC}") = "StudentAdmissionManagement", "StudentAdmissionManagement\StudentAdmissionManagement.csproj", "{F009CE9D-E58E-47B3-A68C-32635882BAA7}"
EndProject
Project("{FAE04EC0-301F-11D3-BF4B-00C04F79EFBC}") = "StudentAttendanceManagement", "StudentAttendanceManagement\StudentAttendanceManagement.csproj", "{D1E70BFE-020F-4712-AAFE-4A8A7EF96AF7}"
EndProject
Project("{FAE04EC0-301F-11D3-BF4B-00C04F79EFBC}") = "StudentApiGateway", "StudentApiGateway\StudentApiGateway.csproj", "{4ABAA6B3-C814-4694-92FA-2A288EBE78C6}"
EndProject
Global
	GlobalSection(SolutionConfigurationPlatforms) = preSolution
		Debug|Any CPU = Debug|Any CPU
		Release|Any CPU = Release|Any CPU
	EndGlobalSection
	GlobalSection(ProjectConfigurationPlatforms) = postSolution
		{F009CE9D-E58E-47B3-A68C-32635882BAA7}.Debug|Any CPU.ActiveCfg = Debug|Any CPU
		{F009CE9D-E58E-47B3-A68C-32635882BAA7}.Debug|Any CPU.Build.0 = Debug|Any CPU
		{F009CE9D-E58E-47B3-A68C-32635882BAA7}.Release|Any CPU.ActiveCfg = Release|Any CPU
		{F009CE9D-E58E-47B3-A68C-32635882BAA7}.Release|Any CPU.Build.0 = Release|Any CPU
		{D1E70BFE-020F-4712-AAFE-4A8A7EF96AF7}.Debug|Any CPU.ActiveCfg = Debug|Any CPU
		{D1E70BFE-020F-4712-AAFE-4A8A7EF96AF7}.Debug|Any CPU.Build.0 = Debug|Any CPU
		{D1E70BFE-020F-4712-AAFE-4A8A7EF96AF7}.Release|Any CPU.ActiveCfg = Release|Any CPU
		{D1E70BFE-020F-4712-AAFE-4A8A7EF96AF7}.Release|Any CPU.Build.0 = Release|Any CPU
		{4ABAA6B3-C814-4694-92FA-2A288EBE78C6}.Debug|Any CPU.ActiveCfg = Debug|Any CPU
		{4ABAA6B3-C814-4694-92FA-2A288EBE78C6}.Debug|Any CPU.Build.0 = Debug|Any CPU
		{4ABAA6B3-C814-4694-92FA-2A288EBE78C6}.Release|Any CPU.ActiveCfg = Release|Any CPU
		{4ABAA6B3-C814-4694-92FA-2A288EBE78C6}.Release|Any CPU.Build.0 = Release|Any CPU
	EndGlobalSection
	GlobalSection(SolutionProperties) = preSolution
		HideSolutionNode = FALSE
	EndGlobalSection
	GlobalSection(ExtensibilityGlobals) = postSolution
		SolutionGuid = {E7A32012-6E4A-487F-91FC-F33B09169404}
	EndGlobalSection
EndGlobal
